
Microsoft Visual Studio Solution File, Format Version 12.00
# Visual Studio Version 16
VisualStudioVersion = 16.0.31624.102
MinimumVisualStudioVersion = 10.0.40219.1
Project("{FAE04EC0-301F-11D3-BF4B-00C04F79EFBC}") = "BookStore", "BookStore.csproj", "{F8918CFB-0CFF-4895-9235-3DE1B08FB4DA}"
EndProject
Global
	GlobalSection(SolutionConfigurationPlatforms) = preSolution
		Debug|Any CPU = Debug|Any CPU
		Release|Any CPU = Release|Any CPU
	EndGlobalSection
	GlobalSection(ProjectConfigurationPlatforms) = postSolution
		{F8918CFB-0CFF-4895-9235-3DE1B08FB4DA}.Debug|Any CPU.ActiveCfg = Debug|Any CPU
		{F8918CFB-0CFF-4895-9235-3DE1B08FB4DA}.Debug|Any CPU.Build.0 = Debug|Any CPU
		{F8918CFB-0CFF-4895-9235-3DE1B08FB4DA}.Release|Any CPU.ActiveCfg = Release|Any CPU
		{F8918CFB-0CFF-4895-9235-3DE1B08FB4DA}.Release|Any CPU.Build.0 = Release|Any CPU
	EndGlobalSection
	GlobalSection(SolutionProperties) = preSolution
		HideSolutionNode = FALSE
	EndGlobalSection
	GlobalSection(ExtensibilityGlobals) = postSolution
		SolutionGuid = {FD0BF0B8-3DD6-495A-B1EC-67E79093F1CE}
	EndGlobalSection
EndGlobal
